// !$*UTF8*$!
{
	archiveVersion = 1;
	classes = {
	};
	objectVersion = 46;
	objects = {

/* Begin PBXBuildFile section */
		90894997192DC51100B6935A /* CameraViewController.m in Sources */ = {isa = PBXBuildFile; fileRef = 90894995192DC51100B6935A /* CameraViewController.m */; };
		90894998192DC51100B6935A /* CameraViewController.xib in Resources */ = {isa = PBXBuildFile; fileRef = 90894996192DC51100B6935A /* CameraViewController.xib */; };
		90A8CC3C1939901900CB9FD7 /* ReceiptsViewController.m in Sources */ = {isa = PBXBuildFile; fileRef = 90A8CC3A1939901900CB9FD7 /* ReceiptsViewController.m */; };
		90A8CC3D1939901900CB9FD7 /* ReceiptsViewController.xib in Resources */ = {isa = PBXBuildFile; fileRef = 90A8CC3B1939901900CB9FD7 /* ReceiptsViewController.xib */; };
		90ABECEB1924386C00D7E207 /* Foundation.framework in Frameworks */ = {isa = PBXBuildFile; fileRef = 90ABECEA1924386C00D7E207 /* Foundation.framework */; };
		90ABECED1924386C00D7E207 /* CoreGraphics.framework in Frameworks */ = {isa = PBXBuildFile; fileRef = 90ABECEC1924386C00D7E207 /* CoreGraphics.framework */; };
		90ABECEF1924386C00D7E207 /* UIKit.framework in Frameworks */ = {isa = PBXBuildFile; fileRef = 90ABECEE1924386C00D7E207 /* UIKit.framework */; };
		90ABECF51924386C00D7E207 /* InfoPlist.strings in Resources */ = {isa = PBXBuildFile; fileRef = 90ABECF31924386C00D7E207 /* InfoPlist.strings */; };
		90ABECF71924386C00D7E207 /* main.m in Sources */ = {isa = PBXBuildFile; fileRef = 90ABECF61924386C00D7E207 /* main.m */; };
		90ABECFB1924386C00D7E207 /* AppDelegate.m in Sources */ = {isa = PBXBuildFile; fileRef = 90ABECFA1924386C00D7E207 /* AppDelegate.m */; };
		90ABECFD1924386C00D7E207 /* Images.xcassets in Resources */ = {isa = PBXBuildFile; fileRef = 90ABECFC1924386C00D7E207 /* Images.xcassets */; };
		90ABED041924386C00D7E207 /* XCTest.framework in Frameworks */ = {isa = PBXBuildFile; fileRef = 90ABED031924386C00D7E207 /* XCTest.framework */; };
		90ABED051924386C00D7E207 /* Foundation.framework in Frameworks */ = {isa = PBXBuildFile; fileRef = 90ABECEA1924386C00D7E207 /* Foundation.framework */; };
		90ABED061924386C00D7E207 /* UIKit.framework in Frameworks */ = {isa = PBXBuildFile; fileRef = 90ABECEE1924386C00D7E207 /* UIKit.framework */; };
		90ABED0E1924386C00D7E207 /* InfoPlist.strings in Resources */ = {isa = PBXBuildFile; fileRef = 90ABED0C1924386C00D7E207 /* InfoPlist.strings */; };
		90ABED101924386C00D7E207 /* BasilTests.m in Sources */ = {isa = PBXBuildFile; fileRef = 90ABED0F1924386C00D7E207 /* BasilTests.m */; };
		90ABED1C192438B200D7E207 /* TipViewController.m in Sources */ = {isa = PBXBuildFile; fileRef = 90ABED1A192438B200D7E207 /* TipViewController.m */; };
		90ABED1D192438B200D7E207 /* TipViewController.xib in Resources */ = {isa = PBXBuildFile; fileRef = 90ABED1B192438B200D7E207 /* TipViewController.xib */; };
		90ABED221925D52000D7E207 /* SettingsViewController.m in Sources */ = {isa = PBXBuildFile; fileRef = 90ABED201925D52000D7E207 /* SettingsViewController.m */; };
		90ABED231925D52000D7E207 /* SettingsViewController.xib in Resources */ = {isa = PBXBuildFile; fileRef = 90ABED211925D52000D7E207 /* SettingsViewController.xib */; };
/* End PBXBuildFile section */

/* Begin PBXContainerItemProxy section */
		90ABED071924386C00D7E207 /* PBXContainerItemProxy */ = {
			isa = PBXContainerItemProxy;
			containerPortal = 90ABECDF1924386C00D7E207 /* Project object */;
			proxyType = 1;
			remoteGlobalIDString = 90ABECE61924386C00D7E207;
			remoteInfo = Basil;
		};
/* End PBXContainerItemProxy section */

/* Begin PBXFileReference section */
		90894994192DC51100B6935A /* CameraViewController.h */ = {isa = PBXFileReference; fileEncoding = 4; lastKnownFileType = sourcecode.c.h; name = CameraViewController.h; path = "View Controllers/CameraViewController.h"; sourceTree = "<group>"; };
		90894995192DC51100B6935A /* CameraViewController.m */ = {isa = PBXFileReference; fileEncoding = 4; lastKnownFileType = sourcecode.c.objc; name = CameraViewController.m; path = "View Controllers/CameraViewController.m"; sourceTree = "<group>"; };
		90894996192DC51100B6935A /* CameraViewController.xib */ = {isa = PBXFileReference; fileEncoding = 4; lastKnownFileType = file.xib; name = CameraViewController.xib; path = "View Controllers/CameraViewController.xib"; sourceTree = "<group>"; };
		90A8CC391939901900CB9FD7 /* ReceiptsViewController.h */ = {isa = PBXFileReference; fileEncoding = 4; lastKnownFileType = sourcecode.c.h; name = ReceiptsViewController.h; path = "View Controllers/ReceiptsViewController.h"; sourceTree = "<group>"; };
		90A8CC3A1939901900CB9FD7 /* ReceiptsViewController.m */ = {isa = PBXFileReference; fileEncoding = 4; lastKnownFileType = sourcecode.c.objc; name = ReceiptsViewController.m; path = "View Controllers/ReceiptsViewController.m"; sourceTree = "<group>"; };
		90A8CC3B1939901900CB9FD7 /* ReceiptsViewController.xib */ = {isa = PBXFileReference; fileEncoding = 4; lastKnownFileType = file.xib; name = ReceiptsViewController.xib; path = "View Controllers/ReceiptsViewController.xib"; sourceTree = "<group>"; };
		90ABECE71924386C00D7E207 /* Basil.app */ = {isa = PBXFileReference; explicitFileType = wrapper.application; includeInIndex = 0; path = Basil.app; sourceTree = BUILT_PRODUCTS_DIR; };
		90ABECEA1924386C00D7E207 /* Foundation.framework */ = {isa = PBXFileReference; lastKnownFileType = wrapper.framework; name = Foundation.framework; path = System/Library/Frameworks/Foundation.framework; sourceTree = SDKROOT; };
		90ABECEC1924386C00D7E207 /* CoreGraphics.framework */ = {isa = PBXFileReference; lastKnownFileType = wrapper.framework; name = CoreGraphics.framework; path = System/Library/Frameworks/CoreGraphics.framework; sourceTree = SDKROOT; };
		90ABECEE1924386C00D7E207 /* UIKit.framework */ = {isa = PBXFileReference; lastKnownFileType = wrapper.framework; name = UIKit.framework; path = System/Library/Frameworks/UIKit.framework; sourceTree = SDKROOT; };
		90ABECF21924386C00D7E207 /* Basil-Info.plist */ = {isa = PBXFileReference; lastKnownFileType = text.plist.xml; path = "Basil-Info.plist"; sourceTree = "<group>"; };
		90ABECF41924386C00D7E207 /* en */ = {isa = PBXFileReference; lastKnownFileType = text.plist.strings; name = en; path = en.lproj/InfoPlist.strings; sourceTree = "<group>"; };
		90ABECF61924386C00D7E207 /* main.m */ = {isa = PBXFileReference; lastKnownFileType = sourcecode.c.objc; path = main.m; sourceTree = "<group>"; };
		90ABECF81924386C00D7E207 /* Basil-Prefix.pch */ = {isa = PBXFileReference; lastKnownFileType = sourcecode.c.h; path = "Basil-Prefix.pch"; sourceTree = "<group>"; };
		90ABECF91924386C00D7E207 /* AppDelegate.h */ = {isa = PBXFileReference; lastKnownFileType = sourcecode.c.h; path = AppDelegate.h; sourceTree = "<group>"; };
		90ABECFA1924386C00D7E207 /* AppDelegate.m */ = {isa = PBXFileReference; lastKnownFileType = sourcecode.c.objc; path = AppDelegate.m; sourceTree = "<group>"; };
		90ABECFC1924386C00D7E207 /* Images.xcassets */ = {isa = PBXFileReference; lastKnownFileType = folder.assetcatalog; path = Images.xcassets; sourceTree = "<group>"; };
		90ABED021924386C00D7E207 /* BasilTests.xctest */ = {isa = PBXFileReference; explicitFileType = wrapper.cfbundle; includeInIndex = 0; path = BasilTests.xctest; sourceTree = BUILT_PRODUCTS_DIR; };
		90ABED031924386C00D7E207 /* XCTest.framework */ = {isa = PBXFileReference; lastKnownFileType = wrapper.framework; name = XCTest.framework; path = Library/Frameworks/XCTest.framework; sourceTree = DEVELOPER_DIR; };
		90ABED0B1924386C00D7E207 /* BasilTests-Info.plist */ = {isa = PBXFileReference; lastKnownFileType = text.plist.xml; path = "BasilTests-Info.plist"; sourceTree = "<group>"; };
		90ABED0D1924386C00D7E207 /* en */ = {isa = PBXFileReference; lastKnownFileType = text.plist.strings; name = en; path = en.lproj/InfoPlist.strings; sourceTree = "<group>"; };
		90ABED0F1924386C00D7E207 /* BasilTests.m */ = {isa = PBXFileReference; lastKnownFileType = sourcecode.c.objc; path = BasilTests.m; sourceTree = "<group>"; };
		90ABED19192438B200D7E207 /* TipViewController.h */ = {isa = PBXFileReference; fileEncoding = 4; lastKnownFileType = sourcecode.c.h; name = TipViewController.h; path = "View Controllers/TipViewController.h"; sourceTree = "<group>"; };
		90ABED1A192438B200D7E207 /* TipViewController.m */ = {isa = PBXFileReference; fileEncoding = 4; lastKnownFileType = sourcecode.c.objc; name = TipViewController.m; path = "View Controllers/TipViewController.m"; sourceTree = "<group>"; };
		90ABED1B192438B200D7E207 /* TipViewController.xib */ = {isa = PBXFileReference; fileEncoding = 4; lastKnownFileType = file.xib; name = TipViewController.xib; path = "View Controllers/TipViewController.xib"; sourceTree = "<group>"; };
		90ABED1F1925D52000D7E207 /* SettingsViewController.h */ = {isa = PBXFileReference; fileEncoding = 4; lastKnownFileType = sourcecode.c.h; name = SettingsViewController.h; path = "View Controllers/SettingsViewController.h"; sourceTree = "<group>"; };
		90ABED201925D52000D7E207 /* SettingsViewController.m */ = {isa = PBXFileReference; fileEncoding = 4; lastKnownFileType = sourcecode.c.objc; name = SettingsViewController.m; path = "View Controllers/SettingsViewController.m"; sourceTree = "<group>"; };
		90ABED211925D52000D7E207 /* SettingsViewController.xib */ = {isa = PBXFileReference; fileEncoding = 4; lastKnownFileType = file.xib; name = SettingsViewController.xib; path = "View Controllers/SettingsViewController.xib"; sourceTree = "<group>"; };
/* End PBXFileReference section */

/* Begin PBXFrameworksBuildPhase section */
		90ABECE41924386C00D7E207 /* Frameworks */ = {
			isa = PBXFrameworksBuildPhase;
			buildActionMask = 2147483647;
			files = (
				90ABECED1924386C00D7E207 /* CoreGraphics.framework in Frameworks */,
				90ABECEF1924386C00D7E207 /* UIKit.framework in Frameworks */,
				90ABECEB1924386C00D7E207 /* Foundation.framework in Frameworks */,
			);
			runOnlyForDeploymentPostprocessing = 0;
		};
		90ABECFF1924386C00D7E207 /* Frameworks */ = {
			isa = PBXFrameworksBuildPhase;
			buildActionMask = 2147483647;
			files = (
				90ABED041924386C00D7E207 /* XCTest.framework in Frameworks */,
				90ABED061924386C00D7E207 /* UIKit.framework in Frameworks */,
				90ABED051924386C00D7E207 /* Foundation.framework in Frameworks */,
			);
			runOnlyForDeploymentPostprocessing = 0;
		};
/* End PBXFrameworksBuildPhase section */

/* Begin PBXGroup section */
		90ABECDE1924386C00D7E207 = {
			isa = PBXGroup;
			children = (
				90ABECF01924386C00D7E207 /* Basil */,
				90ABED091924386C00D7E207 /* BasilTests */,
				90ABECE91924386C00D7E207 /* Frameworks */,
				90ABECE81924386C00D7E207 /* Products */,
			);
			sourceTree = "<group>";
		};
		90ABECE81924386C00D7E207 /* Products */ = {
			isa = PBXGroup;
			children = (
				90ABECE71924386C00D7E207 /* Basil.app */,
				90ABED021924386C00D7E207 /* BasilTests.xctest */,
			);
			name = Products;
			sourceTree = "<group>";
		};
		90ABECE91924386C00D7E207 /* Frameworks */ = {
			isa = PBXGroup;
			children = (
				90ABECEA1924386C00D7E207 /* Foundation.framework */,
				90ABECEC1924386C00D7E207 /* CoreGraphics.framework */,
				90ABECEE1924386C00D7E207 /* UIKit.framework */,
				90ABED031924386C00D7E207 /* XCTest.framework */,
			);
			name = Frameworks;
			sourceTree = "<group>";
		};
		90ABECF01924386C00D7E207 /* Basil */ = {
			isa = PBXGroup;
			children = (
				90ABECF91924386C00D7E207 /* AppDelegate.h */,
				90ABECFA1924386C00D7E207 /* AppDelegate.m */,
				90ABED1E192438BD00D7E207 /* View Controllers */,
				90ABECFC1924386C00D7E207 /* Images.xcassets */,
				90ABECF11924386C00D7E207 /* Supporting Files */,
			);
			path = Basil;
			sourceTree = "<group>";
		};
		90ABECF11924386C00D7E207 /* Supporting Files */ = {
			isa = PBXGroup;
			children = (
				90ABECF21924386C00D7E207 /* Basil-Info.plist */,
				90ABECF31924386C00D7E207 /* InfoPlist.strings */,
				90ABECF61924386C00D7E207 /* main.m */,
				90ABECF81924386C00D7E207 /* Basil-Prefix.pch */,
			);
			name = "Supporting Files";
			sourceTree = "<group>";
		};
		90ABED091924386C00D7E207 /* BasilTests */ = {
			isa = PBXGroup;
			children = (
				90ABED0F1924386C00D7E207 /* BasilTests.m */,
				90ABED0A1924386C00D7E207 /* Supporting Files */,
			);
			path = BasilTests;
			sourceTree = "<group>";
		};
		90ABED0A1924386C00D7E207 /* Supporting Files */ = {
			isa = PBXGroup;
			children = (
				90ABED0B1924386C00D7E207 /* BasilTests-Info.plist */,
				90ABED0C1924386C00D7E207 /* InfoPlist.strings */,
			);
			name = "Supporting Files";
			sourceTree = "<group>";
		};
		90ABED1E192438BD00D7E207 /* View Controllers */ = {
			isa = PBXGroup;
			children = (
				90ABED19192438B200D7E207 /* TipViewController.h */,
				90ABED1A192438B200D7E207 /* TipViewController.m */,
				90ABED1B192438B200D7E207 /* TipViewController.xib */,
				90A8CC391939901900CB9FD7 /* ReceiptsViewController.h */,
				90A8CC3A1939901900CB9FD7 /* ReceiptsViewController.m */,
				90A8CC3B1939901900CB9FD7 /* ReceiptsViewController.xib */,
				90ABED1F1925D52000D7E207 /* SettingsViewController.h */,
				90ABED201925D52000D7E207 /* SettingsViewController.m */,
				90ABED211925D52000D7E207 /* SettingsViewController.xib */,
				90894994192DC51100B6935A /* CameraViewController.h */,
				90894995192DC51100B6935A /* CameraViewController.m */,
				90894996192DC51100B6935A /* CameraViewController.xib */,
			);
			name = "View Controllers";
			sourceTree = "<group>";
		};
/* End PBXGroup section */

/* Begin PBXNativeTarget section */
		90ABECE61924386C00D7E207 /* Basil */ = {
			isa = PBXNativeTarget;
			buildConfigurationList = 90ABED131924386C00D7E207 /* Build configuration list for PBXNativeTarget "Basil" */;
			buildPhases = (
				90ABECE31924386C00D7E207 /* Sources */,
				90ABECE41924386C00D7E207 /* Frameworks */,
				90ABECE51924386C00D7E207 /* Resources */,
			);
			buildRules = (
			);
			dependencies = (
			);
			name = Basil;
			productName = Basil;
			productReference = 90ABECE71924386C00D7E207 /* Basil.app */;
			productType = "com.apple.product-type.application";
		};
		90ABED011924386C00D7E207 /* BasilTests */ = {
			isa = PBXNativeTarget;
			buildConfigurationList = 90ABED161924386C00D7E207 /* Build configuration list for PBXNativeTarget "BasilTests" */;
			buildPhases = (
				90ABECFE1924386C00D7E207 /* Sources */,
				90ABECFF1924386C00D7E207 /* Frameworks */,
				90ABED001924386C00D7E207 /* Resources */,
			);
			buildRules = (
			);
			dependencies = (
				90ABED081924386C00D7E207 /* PBXTargetDependency */,
			);
			name = BasilTests;
			productName = BasilTests;
			productReference = 90ABED021924386C00D7E207 /* BasilTests.xctest */;
			productType = "com.apple.product-type.bundle.unit-test";
		};
/* End PBXNativeTarget section */

/* Begin PBXProject section */
		90ABECDF1924386C00D7E207 /* Project object */ = {
			isa = PBXProject;
			attributes = {
				LastUpgradeCheck = 0510;
				ORGANIZATIONNAME = projects;
				TargetAttributes = {
					90ABED011924386C00D7E207 = {
						TestTargetID = 90ABECE61924386C00D7E207;
					};
				};
			};
			buildConfigurationList = 90ABECE21924386C00D7E207 /* Build configuration list for PBXProject "Basil" */;
			compatibilityVersion = "Xcode 3.2";
			developmentRegion = English;
			hasScannedForEncodings = 0;
			knownRegions = (
				en,
			);
			mainGroup = 90ABECDE1924386C00D7E207;
			productRefGroup = 90ABECE81924386C00D7E207 /* Products */;
			projectDirPath = "";
			projectRoot = "";
			targets = (
				90ABECE61924386C00D7E207 /* Basil */,
				90ABED011924386C00D7E207 /* BasilTests */,
			);
		};
/* End PBXProject section */

/* Begin PBXResourcesBuildPhase section */
		90ABECE51924386C00D7E207 /* Resources */ = {
			isa = PBXResourcesBuildPhase;
			buildActionMask = 2147483647;
			files = (
				90ABED1D192438B200D7E207 /* TipViewController.xib in Resources */,
				90ABECF51924386C00D7E207 /* InfoPlist.strings in Resources */,
				90ABECFD1924386C00D7E207 /* Images.xcassets in Resources */,
				90A8CC3D1939901900CB9FD7 /* ReceiptsViewController.xib in Resources */,
				90ABED231925D52000D7E207 /* SettingsViewController.xib in Resources */,
				90894998192DC51100B6935A /* CameraViewController.xib in Resources */,
			);
			runOnlyForDeploymentPostprocessing = 0;
		};
		90ABED001924386C00D7E207 /* Resources */ = {
			isa = PBXResourcesBuildPhase;
			buildActionMask = 2147483647;
			files = (
				90ABED0E1924386C00D7E207 /* InfoPlist.strings in Resources */,
			);
			runOnlyForDeploymentPostprocessing = 0;
		};
/* End PBXResourcesBuildPhase section */

/* Begin PBXSourcesBuildPhase section */
		90ABECE31924386C00D7E207 /* Sources */ = {
			isa = PBXSourcesBuildPhase;
			buildActionMask = 2147483647;
			files = (
				90894997192DC51100B6935A /* CameraViewController.m in Sources */,
				90A8CC3C1939901900CB9FD7 /* ReceiptsViewController.m in Sources */,
				90ABECFB1924386C00D7E207 /* AppDelegate.m in Sources */,
				90ABED1C192438B200D7E207 /* TipViewController.m in Sources */,
				90ABECF71924386C00D7E207 /* main.m in Sources */,
				90ABED221925D52000D7E207 /* SettingsViewController.m in Sources */,
			);
			runOnlyForDeploymentPostprocessing = 0;
		};
		90ABECFE1924386C00D7E207 /* Sources */ = {
			isa = PBXSourcesBuildPhase;
			buildActionMask = 2147483647;
			files = (
				90ABED101924386C00D7E207 /* BasilTests.m in Sources */,
			);
			runOnlyForDeploymentPostprocessing = 0;
		};
/* End PBXSourcesBuildPhase section */

/* Begin PBXTargetDependency section */
		90ABED081924386C00D7E207 /* PBXTargetDependency */ = {
			isa = PBXTargetDependency;
			target = 90ABECE61924386C00D7E207 /* Basil */;
			targetProxy = 90ABED071924386C00D7E207 /* PBXContainerItemProxy */;
		};
/* End PBXTargetDependency section */

/* Begin PBXVariantGroup section */
		90ABECF31924386C00D7E207 /* InfoPlist.strings */ = {
			isa = PBXVariantGroup;
			children = (
				90ABECF41924386C00D7E207 /* en */,
			);
			name = InfoPlist.strings;
			sourceTree = "<group>";
		};
		90ABED0C1924386C00D7E207 /* InfoPlist.strings */ = {
			isa = PBXVariantGroup;
			children = (
				90ABED0D1924386C00D7E207 /* en */,
			);
			name = InfoPlist.strings;
			sourceTree = "<group>";
		};
/* End PBXVariantGroup section */

/* Begin XCBuildConfiguration section */
		90ABED111924386C00D7E207 /* Debug */ = {
			isa = XCBuildConfiguration;
			buildSettings = {
				ALWAYS_SEARCH_USER_PATHS = NO;
				CLANG_CXX_LANGUAGE_STANDARD = "gnu++0x";
				CLANG_CXX_LIBRARY = "libc++";
				CLANG_ENABLE_MODULES = YES;
				CLANG_ENABLE_OBJC_ARC = YES;
				CLANG_WARN_BOOL_CONVERSION = YES;
				CLANG_WARN_CONSTANT_CONVERSION = YES;
				CLANG_WARN_DIRECT_OBJC_ISA_USAGE = YES_ERROR;
				CLANG_WARN_EMPTY_BODY = YES;
				CLANG_WARN_ENUM_CONVERSION = YES;
				CLANG_WARN_INT_CONVERSION = YES;
				CLANG_WARN_OBJC_ROOT_CLASS = YES_ERROR;
				CLANG_WARN__DUPLICATE_METHOD_MATCH = YES;
				"CODE_SIGN_IDENTITY[sdk=iphoneos*]" = "iPhone Developer";
				COPY_PHASE_STRIP = NO;
				GCC_C_LANGUAGE_STANDARD = gnu99;
				GCC_DYNAMIC_NO_PIC = NO;
				GCC_OPTIMIZATION_LEVEL = 0;
				GCC_PREPROCESSOR_DEFINITIONS = (
					"DEBUG=1",
					"$(inherited)",
				);
				GCC_SYMBOLS_PRIVATE_EXTERN = NO;
				GCC_WARN_64_TO_32_BIT_CONVERSION = YES;
				GCC_WARN_ABOUT_RETURN_TYPE = YES_ERROR;
				GCC_WARN_UNDECLARED_SELECTOR = YES;
				GCC_WARN_UNINITIALIZED_AUTOS = YES_AGGRESSIVE;
				GCC_WARN_UNUSED_FUNCTION = YES;
				GCC_WARN_UNUSED_VARIABLE = YES;
				IPHONEOS_DEPLOYMENT_TARGET = 7.1;
				ONLY_ACTIVE_ARCH = YES;
				SDKROOT = iphoneos;
			};
			name = Debug;
		};
		90ABED121924386C00D7E207 /* Release */ = {
			isa = XCBuildConfiguration;
			buildSettings = {
				ALWAYS_SEARCH_USER_PATHS = NO;
				CLANG_CXX_LANGUAGE_STANDARD = "gnu++0x";
				CLANG_CXX_LIBRARY = "libc++";
				CLANG_ENABLE_MODULES = YES;
				CLANG_ENABLE_OBJC_ARC = YES;
				CLANG_WARN_BOOL_CONVERSION = YES;
				CLANG_WARN_CONSTANT_CONVERSION = YES;
				CLANG_WARN_DIRECT_OBJC_ISA_USAGE = YES_ERROR;
				CLANG_WARN_EMPTY_BODY = YES;
				CLANG_WARN_ENUM_CONVERSION = YES;
				CLANG_WARN_INT_CONVERSION = YES;
				CLANG_WARN_OBJC_ROOT_CLASS = YES_ERROR;
				CLANG_WARN__DUPLICATE_METHOD_MATCH = YES;
				"CODE_SIGN_IDENTITY[sdk=iphoneos*]" = "iPhone Developer";
				COPY_PHASE_STRIP = YES;
				ENABLE_NS_ASSERTIONS = NO;
				GCC_C_LANGUAGE_STANDARD = gnu99;
				GCC_WARN_64_TO_32_BIT_CONVERSION = YES;
				GCC_WARN_ABOUT_RETURN_TYPE = YES_ERROR;
				GCC_WARN_UNDECLARED_SELECTOR = YES;
				GCC_WARN_UNINITIALIZED_AUTOS = YES_AGGRESSIVE;
				GCC_WARN_UNUSED_FUNCTION = YES;
				GCC_WARN_UNUSED_VARIABLE = YES;
				IPHONEOS_DEPLOYMENT_TARGET = 7.1;
				SDKROOT = iphoneos;
				VALIDATE_PRODUCT = YES;
			};
			name = Release;
		};
		90ABED141924386C00D7E207 /* Debug */ = {
			isa = XCBuildConfiguration;
			buildSettings = {
				ASSETCATALOG_COMPILER_APPICON_NAME = AppIcon;
				ASSETCATALOG_COMPILER_LAUNCHIMAGE_NAME = LaunchImage;
				GCC_PRECOMPILE_PREFIX_HEADER = YES;
				GCC_PREFIX_HEADER = "Basil/Basil-Prefix.pch";
				INFOPLIST_FILE = "Basil/Basil-Info.plist";
				PRODUCT_NAME = "$(TARGET_NAME)";
				WRAPPER_EXTENSION = app;
			};
			name = Debug;
		};
		90ABED151924386C00D7E207 /* Release */ = {
			isa = XCBuildConfiguration;
			buildSettings = {
				ASSETCATALOG_COMPILER_APPICON_NAME = AppIcon;
				ASSETCATALOG_COMPILER_LAUNCHIMAGE_NAME = LaunchImage;
				GCC_PRECOMPILE_PREFIX_HEADER = YES;
				GCC_PREFIX_HEADER = "Basil/Basil-Prefix.pch";
				INFOPLIST_FILE = "Basil/Basil-Info.plist";
				PRODUCT_NAME = "$(TARGET_NAME)";
				WRAPPER_EXTENSION = app;
			};
			name = Release;
		};
		90ABED171924386C00D7E207 /* Debug */ = {
			isa = XCBuildConfiguration;
			buildSettings = {
				BUNDLE_LOADER = "$(BUILT_PRODUCTS_DIR)/Basil.app/Basil";
				FRAMEWORK_SEARCH_PATHS = (
					"$(SDKROOT)/Developer/Library/Frameworks",
					"$(inherited)",
					"$(DEVELOPER_FRAMEWORKS_DIR)",
				);
				GCC_PRECOMPILE_PREFIX_HEADER = YES;
				GCC_PREFIX_HEADER = "Basil/Basil-Prefix.pch";
				GCC_PREPROCESSOR_DEFINITIONS = (
					"DEBUG=1",
					"$(inherited)",
				);
				INFOPLIST_FILE = "BasilTests/BasilTests-Info.plist";
				PRODUCT_NAME = "$(TARGET_NAME)";
				TEST_HOST = "$(BUNDLE_LOADER)";
				WRAPPER_EXTENSION = xctest;
			};
			name = Debug;
		};
		90ABED181924386C00D7E207 /* Release */ = {
			isa = XCBuildConfiguration;
			buildSettings = {
				BUNDLE_LOADER = "$(BUILT_PRODUCTS_DIR)/Basil.app/Basil";
				FRAMEWORK_SEARCH_PATHS = (
					"$(SDKROOT)/Developer/Library/Frameworks",
					"$(inherited)",
					"$(DEVELOPER_FRAMEWORKS_DIR)",
				);
				GCC_PRECOMPILE_PREFIX_HEADER = YES;
				GCC_PREFIX_HEADER = "Basil/Basil-Prefix.pch";
				INFOPLIST_FILE = "BasilTests/BasilTests-Info.plist";
				PRODUCT_NAME = "$(TARGET_NAME)";
				TEST_HOST = "$(BUNDLE_LOADER)";
				WRAPPER_EXTENSION = xctest;
			};
			name = Release;
		};
/* End XCBuildConfiguration section */

/* Begin XCConfigurationList section */
		90ABECE21924386C00D7E207 /* Build configuration list for PBXProject "Basil" */ = {
			isa = XCConfigurationList;
			buildConfigurations = (
				90ABED111924386C00D7E207 /* Debug */,
				90ABED121924386C00D7E207 /* Release */,
			);
			defaultConfigurationIsVisible = 0;
			defaultConfigurationName = Release;
		};
		90ABED131924386C00D7E207 /* Build configuration list for PBXNativeTarget "Basil" */ = {
			isa = XCConfigurationList;
			buildConfigurations = (
				90ABED141924386C00D7E207 /* Debug */,
				90ABED151924386C00D7E207 /* Release */,
			);
			defaultConfigurationIsVisible = 0;
			defaultConfigurationName = Release;
		};
		90ABED161924386C00D7E207 /* Build configuration list for PBXNativeTarget "BasilTests" */ = {
			isa = XCConfigurationList;
			buildConfigurations = (
				90ABED171924386C00D7E207 /* Debug */,
				90ABED181924386C00D7E207 /* Release */,
			);
			defaultConfigurationIsVisible = 0;
			defaultConfigurationName = Release;
		};
/* End XCConfigurationList section */
	};
	rootObject = 90ABECDF1924386C00D7E207 /* Project object */;
}
